
Microsoft Visual Studio Solution File, Format Version 12.00
# Visual Studio Version 17
VisualStudioVersion = 17.2.32526.322
MinimumVisualStudioVersion = 10.0.40219.1
Project("{9A19103F-16F7-4668-BE54-9A1E7A4F7556}") = "ChessKnightTourProblem", "ChessKnightTourProblem.csproj", "{40443D23-0247-43D0-9D78-FEDC176F39C2}"
EndProject
Global
	GlobalSection(SolutionConfigurationPlatforms) = preSolution
		Debug|Any CPU = Debug|Any CPU
		Release|Any CPU = Release|Any CPU
	EndGlobalSection
	GlobalSection(ProjectConfigurationPlatforms) = postSolution
		{40443D23-0247-43D0-9D78-FEDC176F39C2}.Debug|Any CPU.ActiveCfg = Debug|Any CPU
		{40443D23-0247-43D0-9D78-FEDC176F39C2}.Debug|Any CPU.Build.0 = Debug|Any CPU
		{40443D23-0247-43D0-9D78-FEDC176F39C2}.Release|Any CPU.ActiveCfg = Release|Any CPU
		{40443D23-0247-43D0-9D78-FEDC176F39C2}.Release|Any CPU.Build.0 = Release|Any CPU
	EndGlobalSection
	GlobalSection(SolutionProperties) = preSolution
		HideSolutionNode = FALSE
	EndGlobalSection
	GlobalSection(ExtensibilityGlobals) = postSolution
		SolutionGuid = {3E56E489-AB64-4DDF-A386-3DD31825B78D}
	EndGlobalSection
EndGlobal
